
Microsoft Visual Studio Solution File, Format Version 12.00
# Visual Studio Version 17
VisualStudioVersion = 17.12.35309.182
MinimumVisualStudioVersion = 10.0.40219.1
Project("{FAE04EC0-301F-11D3-BF4B-00C04F79EFBC}") = "BupaAssessmentAPI", "BupaAssessmentAPI\BupaAssessmentAPI.csproj", "{384C4E18-F1F4-4CFE-B5CC-BD907C629019}"
EndProject
Project("{FAE04EC0-301F-11D3-BF4B-00C04F79EFBC}") = "BupaAssessmentAPI.Test", "BupaAssessmentAPI.Test\BupaAssessmentAPI.Test.csproj", "{5B840A1C-F061-41BE-A40C-A17FCD52BAC9}"
EndProject
Global
	GlobalSection(SolutionConfigurationPlatforms) = preSolution
		Debug|Any CPU = Debug|Any CPU
		Release|Any CPU = Release|Any CPU
	EndGlobalSection
	GlobalSection(ProjectConfigurationPlatforms) = postSolution
		{384C4E18-F1F4-4CFE-B5CC-BD907C629019}.Debug|Any CPU.ActiveCfg = Debug|Any CPU
		{384C4E18-F1F4-4CFE-B5CC-BD907C629019}.Debug|Any CPU.Build.0 = Debug|Any CPU
		{384C4E18-F1F4-4CFE-B5CC-BD907C629019}.Release|Any CPU.ActiveCfg = Release|Any CPU
		{384C4E18-F1F4-4CFE-B5CC-BD907C629019}.Release|Any CPU.Build.0 = Release|Any CPU
		{5B840A1C-F061-41BE-A40C-A17FCD52BAC9}.Debug|Any CPU.ActiveCfg = Debug|Any CPU
		{5B840A1C-F061-41BE-A40C-A17FCD52BAC9}.Debug|Any CPU.Build.0 = Debug|Any CPU
		{5B840A1C-F061-41BE-A40C-A17FCD52BAC9}.Release|Any CPU.ActiveCfg = Release|Any CPU
		{5B840A1C-F061-41BE-A40C-A17FCD52BAC9}.Release|Any CPU.Build.0 = Release|Any CPU
	EndGlobalSection
	GlobalSection(SolutionProperties) = preSolution
		HideSolutionNode = FALSE
	EndGlobalSection
	GlobalSection(ExtensibilityGlobals) = postSolution
		SolutionGuid = {9323FF5B-103E-496B-9C98-4E477D73F120}
	EndGlobalSection
EndGlobal
